
Microsoft Visual Studio Solution File, Format Version 12.00
# Visual Studio Version 17
VisualStudioVersion = 17.3.32901.215
MinimumVisualStudioVersion = 10.0.40219.1
Project("{FAE04EC0-301F-11D3-BF4B-00C04F79EFBC}") = "StudyN!", "StudyN!\StudyN!.csproj", "{5CB9CD55-0083-4156-B544-B1BF5A8D53F3}"
EndProject
Global
	GlobalSection(SolutionConfigurationPlatforms) = preSolution
		Debug|Any CPU = Debug|Any CPU
		Release|Any CPU = Release|Any CPU
	EndGlobalSection
	GlobalSection(ProjectConfigurationPlatforms) = postSolution
		{5CB9CD55-0083-4156-B544-B1BF5A8D53F3}.Debug|Any CPU.ActiveCfg = Debug|Any CPU
		{5CB9CD55-0083-4156-B544-B1BF5A8D53F3}.Debug|Any CPU.Build.0 = Debug|Any CPU
		{5CB9CD55-0083-4156-B544-B1BF5A8D53F3}.Debug|Any CPU.Deploy.0 = Debug|Any CPU
		{5CB9CD55-0083-4156-B544-B1BF5A8D53F3}.Release|Any CPU.ActiveCfg = Release|Any CPU
		{5CB9CD55-0083-4156-B544-B1BF5A8D53F3}.Release|Any CPU.Build.0 = Release|Any CPU
		{5CB9CD55-0083-4156-B544-B1BF5A8D53F3}.Release|Any CPU.Deploy.0 = Release|Any CPU
	EndGlobalSection
	GlobalSection(SolutionProperties) = preSolution
		HideSolutionNode = FALSE
	EndGlobalSection
	GlobalSection(ExtensibilityGlobals) = postSolution
		SolutionGuid = {E5A29076-92E3-40DC-974A-C4F3624302E2}
	EndGlobalSection
EndGlobal
